
Microsoft Visual Studio Solution File, Format Version 12.00
# Visual Studio Version 17
VisualStudioVersion = 17.0.31903.59
MinimumVisualStudioVersion = 10.0.40219.1
Project("{2150E333-8FDC-42A3-9474-1A3956D46DE8}") = "src", "src", "{1FDBAB8B-B773-493D-8647-275EA8D473CE}"
EndProject
Project("{FAE04EC0-301F-11D3-BF4B-00C04F79EFBC}") = "SunnyNet.Wpf", "src\SunnyNet.Wpf\SunnyNet.Wpf.csproj", "{425BD2F0-BB52-411C-8A83-B4DC78A0675F}"
EndProject
Global
	GlobalSection(SolutionConfigurationPlatforms) = preSolution
		Debug|Any CPU = Debug|Any CPU
		Release|Any CPU = Release|Any CPU
	EndGlobalSection
	GlobalSection(SolutionProperties) = preSolution
		HideSolutionNode = FALSE
	EndGlobalSection
	GlobalSection(ProjectConfigurationPlatforms) = postSolution
		{425BD2F0-BB52-411C-8A83-B4DC78A0675F}.Debug|Any CPU.ActiveCfg = Debug|Any CPU
		{425BD2F0-BB52-411C-8A83-B4DC78A0675F}.Debug|Any CPU.Build.0 = Debug|Any CPU
		{425BD2F0-BB52-411C-8A83-B4DC78A0675F}.Release|Any CPU.ActiveCfg = Release|Any CPU
		{425BD2F0-BB52-411C-8A83-B4DC78A0675F}.Release|Any CPU.Build.0 = Release|Any CPU
	EndGlobalSection
	GlobalSection(NestedProjects) = preSolution
		{425BD2F0-BB52-411C-8A83-B4DC78A0675F} = {1FDBAB8B-B773-493D-8647-275EA8D473CE}
	EndGlobalSection
EndGlobal
